
Microsoft Visual Studio Solution File, Format Version 12.00
# Visual Studio Version 17
VisualStudioVersion = 17.10.35004.147
MinimumVisualStudioVersion = 10.0.40219.1
Project("{9A19103F-16F7-4668-BE54-9A1E7A4F7556}") = "Easy Auto Click", "Easy Auto Click\Easy Auto Click.csproj", "{EB7B96F4-60F0-42B8-9983-6F92AA93BC87}"
EndProject
Global
	GlobalSection(SolutionConfigurationPlatforms) = preSolution
		Debug|Any CPU = Debug|Any CPU
		Release|Any CPU = Release|Any CPU
	EndGlobalSection
	GlobalSection(ProjectConfigurationPlatforms) = postSolution
		{EB7B96F4-60F0-42B8-9983-6F92AA93BC87}.Debug|Any CPU.ActiveCfg = Debug|Any CPU
		{EB7B96F4-60F0-42B8-9983-6F92AA93BC87}.Debug|Any CPU.Build.0 = Debug|Any CPU
		{EB7B96F4-60F0-42B8-9983-6F92AA93BC87}.Release|Any CPU.ActiveCfg = Release|Any CPU
		{EB7B96F4-60F0-42B8-9983-6F92AA93BC87}.Release|Any CPU.Build.0 = Release|Any CPU
	EndGlobalSection
	GlobalSection(SolutionProperties) = preSolution
		HideSolutionNode = FALSE
	EndGlobalSection
	GlobalSection(ExtensibilityGlobals) = postSolution
		SolutionGuid = {9FE2A68A-12A3-4B3D-B0DE-40FB8341A033}
	EndGlobalSection
EndGlobal
