
Microsoft Visual Studio Solution File, Format Version 12.00
# Visual Studio Version 17
VisualStudioVersion = 17.10.35004.147
MinimumVisualStudioVersion = 10.0.40219.1
Project("{9A19103F-16F7-4668-BE54-9A1E7A4F7556}") = "Easy Auto Click", "Easy Auto Click\Easy Auto Click.csproj", "{EB7B96F4-60F0-42B8-9983-6F92AA93BC87}"
EndProject
Project("{C7167F0D-BC9F-4E6E-AFE1-012C56B48DB5}") = "The packaging project", "The packaging project\The packaging project.wapproj", "{31D7AE53-F48B-40E5-BA0A-9A9F411EE641}"
EndProject
Global
	GlobalSection(SolutionConfigurationPlatforms) = preSolution
		Debug|Any CPU = Debug|Any CPU
		Debug|ARM = Debug|ARM
		Debug|ARM64 = Debug|ARM64
		Debug|x64 = Debug|x64
		Debug|x86 = Debug|x86
		Release|Any CPU = Release|Any CPU
		Release|ARM = Release|ARM
		Release|ARM64 = Release|ARM64
		Release|x64 = Release|x64
		Release|x86 = Release|x86
	EndGlobalSection
	GlobalSection(ProjectConfigurationPlatforms) = postSolution
		{EB7B96F4-60F0-42B8-9983-6F92AA93BC87}.Debug|Any CPU.ActiveCfg = Debug|Any CPU
		{EB7B96F4-60F0-42B8-9983-6F92AA93BC87}.Debug|Any CPU.Build.0 = Debug|Any CPU
		{EB7B96F4-60F0-42B8-9983-6F92AA93BC87}.Debug|ARM.ActiveCfg = Debug|Any CPU
		{EB7B96F4-60F0-42B8-9983-6F92AA93BC87}.Debug|ARM.Build.0 = Debug|Any CPU
		{EB7B96F4-60F0-42B8-9983-6F92AA93BC87}.Debug|ARM64.ActiveCfg = Debug|Any CPU
		{EB7B96F4-60F0-42B8-9983-6F92AA93BC87}.Debug|ARM64.Build.0 = Debug|Any CPU
		{EB7B96F4-60F0-42B8-9983-6F92AA93BC87}.Debug|x64.ActiveCfg = Debug|Any CPU
		{EB7B96F4-60F0-42B8-9983-6F92AA93BC87}.Debug|x64.Build.0 = Debug|Any CPU
		{EB7B96F4-60F0-42B8-9983-6F92AA93BC87}.Debug|x86.ActiveCfg = Debug|x86
		{EB7B96F4-60F0-42B8-9983-6F92AA93BC87}.Debug|x86.Build.0 = Debug|x86
		{EB7B96F4-60F0-42B8-9983-6F92AA93BC87}.Release|Any CPU.ActiveCfg = Release|Any CPU
		{EB7B96F4-60F0-42B8-9983-6F92AA93BC87}.Release|Any CPU.Build.0 = Release|Any CPU
		{EB7B96F4-60F0-42B8-9983-6F92AA93BC87}.Release|ARM.ActiveCfg = Release|Any CPU
		{EB7B96F4-60F0-42B8-9983-6F92AA93BC87}.Release|ARM.Build.0 = Release|Any CPU
		{EB7B96F4-60F0-42B8-9983-6F92AA93BC87}.Release|ARM64.ActiveCfg = Release|Any CPU
		{EB7B96F4-60F0-42B8-9983-6F92AA93BC87}.Release|ARM64.Build.0 = Release|Any CPU
		{EB7B96F4-60F0-42B8-9983-6F92AA93BC87}.Release|x64.ActiveCfg = Release|Any CPU
		{EB7B96F4-60F0-42B8-9983-6F92AA93BC87}.Release|x64.Build.0 = Release|Any CPU
		{EB7B96F4-60F0-42B8-9983-6F92AA93BC87}.Release|x86.ActiveCfg = Release|x86
		{EB7B96F4-60F0-42B8-9983-6F92AA93BC87}.Release|x86.Build.0 = Release|x86
		{31D7AE53-F48B-40E5-BA0A-9A9F411EE641}.Debug|Any CPU.ActiveCfg = Debug|Any CPU
		{31D7AE53-F48B-40E5-BA0A-9A9F411EE641}.Debug|Any CPU.Build.0 = Debug|Any CPU
		{31D7AE53-F48B-40E5-BA0A-9A9F411EE641}.Debug|Any CPU.Deploy.0 = Debug|Any CPU
		{31D7AE53-F48B-40E5-BA0A-9A9F411EE641}.Debug|ARM.ActiveCfg = Debug|ARM
		{31D7AE53-F48B-40E5-BA0A-9A9F411EE641}.Debug|ARM.Build.0 = Debug|ARM
		{31D7AE53-F48B-40E5-BA0A-9A9F411EE641}.Debug|ARM.Deploy.0 = Debug|ARM
		{31D7AE53-F48B-40E5-BA0A-9A9F411EE641}.Debug|ARM64.ActiveCfg = Debug|ARM64
		{31D7AE53-F48B-40E5-BA0A-9A9F411EE641}.Debug|ARM64.Build.0 = Debug|ARM64
		{31D7AE53-F48B-40E5-BA0A-9A9F411EE641}.Debug|ARM64.Deploy.0 = Debug|ARM64
		{31D7AE53-F48B-40E5-BA0A-9A9F411EE641}.Debug|x64.ActiveCfg = Debug|x64
		{31D7AE53-F48B-40E5-BA0A-9A9F411EE641}.Debug|x64.Build.0 = Debug|x64
		{31D7AE53-F48B-40E5-BA0A-9A9F411EE641}.Debug|x64.Deploy.0 = Debug|x64
		{31D7AE53-F48B-40E5-BA0A-9A9F411EE641}.Debug|x86.ActiveCfg = Debug|x86
		{31D7AE53-F48B-40E5-BA0A-9A9F411EE641}.Debug|x86.Build.0 = Debug|x86
		{31D7AE53-F48B-40E5-BA0A-9A9F411EE641}.Debug|x86.Deploy.0 = Debug|x86
		{31D7AE53-F48B-40E5-BA0A-9A9F411EE641}.Release|Any CPU.ActiveCfg = Release|Any CPU
		{31D7AE53-F48B-40E5-BA0A-9A9F411EE641}.Release|Any CPU.Build.0 = Release|Any CPU
		{31D7AE53-F48B-40E5-BA0A-9A9F411EE641}.Release|Any CPU.Deploy.0 = Release|Any CPU
		{31D7AE53-F48B-40E5-BA0A-9A9F411EE641}.Release|ARM.ActiveCfg = Release|ARM
		{31D7AE53-F48B-40E5-BA0A-9A9F411EE641}.Release|ARM.Build.0 = Release|ARM
		{31D7AE53-F48B-40E5-BA0A-9A9F411EE641}.Release|ARM.Deploy.0 = Release|ARM
		{31D7AE53-F48B-40E5-BA0A-9A9F411EE641}.Release|ARM64.ActiveCfg = Release|ARM64
		{31D7AE53-F48B-40E5-BA0A-9A9F411EE641}.Release|ARM64.Build.0 = Release|ARM64
		{31D7AE53-F48B-40E5-BA0A-9A9F411EE641}.Release|ARM64.Deploy.0 = Release|ARM64
		{31D7AE53-F48B-40E5-BA0A-9A9F411EE641}.Release|x64.ActiveCfg = Release|x64
		{31D7AE53-F48B-40E5-BA0A-9A9F411EE641}.Release|x64.Build.0 = Release|x64
		{31D7AE53-F48B-40E5-BA0A-9A9F411EE641}.Release|x64.Deploy.0 = Release|x64
		{31D7AE53-F48B-40E5-BA0A-9A9F411EE641}.Release|x86.ActiveCfg = Release|x86
		{31D7AE53-F48B-40E5-BA0A-9A9F411EE641}.Release|x86.Build.0 = Release|x86
		{31D7AE53-F48B-40E5-BA0A-9A9F411EE641}.Release|x86.Deploy.0 = Release|x86
	EndGlobalSection
	GlobalSection(SolutionProperties) = preSolution
		HideSolutionNode = FALSE
	EndGlobalSection
	GlobalSection(ExtensibilityGlobals) = postSolution
		SolutionGuid = {9FE2A68A-12A3-4B3D-B0DE-40FB8341A033}
	EndGlobalSection
EndGlobal
